
Microsoft Visual Studio Solution File, Format Version 11.00
# Visual Studio 2010
Project("{FAE04EC0-301F-11D3-BF4B-00C04F79EFBC}") = "RoutingMessageHandler", "RoutingMessageHandler\RoutingMessageHandler.csproj", "{D97C04B7-D7AC-4913-8404-4FD72576961F}"
EndProject
Project("{2150E333-8FDC-42A3-9474-1A3956D46DE8}") = ".nuget", ".nuget", "{2A99407F-2102-412B-ADCF-02C67ADE8739}"
	ProjectSection(SolutionItems) = preProject
		.nuget\NuGet.exe = .nuget\NuGet.exe
		.nuget\NuGet.targets = .nuget\NuGet.targets
	EndProjectSection
EndProject
Project("{FAE04EC0-301F-11D3-BF4B-00C04F79EFBC}") = "RoutingMessageHandlerConsole", "RoutingMessageHandlerConsole\RoutingMessageHandlerConsole.csproj", "{B8B2F7E4-726D-4D02-A876-89C820B01CD8}"
EndProject
Project("{FAE04EC0-301F-11D3-BF4B-00C04F79EFBC}") = "WebHost", "WebHost\WebHost.csproj", "{5B1A900C-7043-4AB5-9364-C645E328A085}"
EndProject
Project("{FAE04EC0-301F-11D3-BF4B-00C04F79EFBC}") = "ConferenceApi", "ConferenceApi\ConferenceApi.csproj", "{3CD60F4A-8660-4BEB-BE88-F33D0600A432}"
EndProject
Global
	GlobalSection(SolutionConfigurationPlatforms) = preSolution
		Debug|Any CPU = Debug|Any CPU
		Debug|Mixed Platforms = Debug|Mixed Platforms
		Debug|x86 = Debug|x86
		Release|Any CPU = Release|Any CPU
		Release|Mixed Platforms = Release|Mixed Platforms
		Release|x86 = Release|x86
	EndGlobalSection
	GlobalSection(ProjectConfigurationPlatforms) = postSolution
		{D97C04B7-D7AC-4913-8404-4FD72576961F}.Debug|Any CPU.ActiveCfg = Debug|x86
		{D97C04B7-D7AC-4913-8404-4FD72576961F}.Debug|Mixed Platforms.ActiveCfg = Debug|x86
		{D97C04B7-D7AC-4913-8404-4FD72576961F}.Debug|Mixed Platforms.Build.0 = Debug|x86
		{D97C04B7-D7AC-4913-8404-4FD72576961F}.Debug|x86.ActiveCfg = Debug|x86
		{D97C04B7-D7AC-4913-8404-4FD72576961F}.Debug|x86.Build.0 = Debug|x86
		{D97C04B7-D7AC-4913-8404-4FD72576961F}.Release|Any CPU.ActiveCfg = Release|x86
		{D97C04B7-D7AC-4913-8404-4FD72576961F}.Release|Mixed Platforms.ActiveCfg = Release|x86
		{D97C04B7-D7AC-4913-8404-4FD72576961F}.Release|Mixed Platforms.Build.0 = Release|x86
		{D97C04B7-D7AC-4913-8404-4FD72576961F}.Release|x86.ActiveCfg = Release|x86
		{D97C04B7-D7AC-4913-8404-4FD72576961F}.Release|x86.Build.0 = Release|x86
		{B8B2F7E4-726D-4D02-A876-89C820B01CD8}.Debug|Any CPU.ActiveCfg = Debug|x86
		{B8B2F7E4-726D-4D02-A876-89C820B01CD8}.Debug|Mixed Platforms.ActiveCfg = Debug|x86
		{B8B2F7E4-726D-4D02-A876-89C820B01CD8}.Debug|Mixed Platforms.Build.0 = Debug|x86
		{B8B2F7E4-726D-4D02-A876-89C820B01CD8}.Debug|x86.ActiveCfg = Debug|x86
		{B8B2F7E4-726D-4D02-A876-89C820B01CD8}.Debug|x86.Build.0 = Debug|x86
		{B8B2F7E4-726D-4D02-A876-89C820B01CD8}.Release|Any CPU.ActiveCfg = Release|x86
		{B8B2F7E4-726D-4D02-A876-89C820B01CD8}.Release|Mixed Platforms.ActiveCfg = Release|x86
		{B8B2F7E4-726D-4D02-A876-89C820B01CD8}.Release|Mixed Platforms.Build.0 = Release|x86
		{B8B2F7E4-726D-4D02-A876-89C820B01CD8}.Release|x86.ActiveCfg = Release|x86
		{B8B2F7E4-726D-4D02-A876-89C820B01CD8}.Release|x86.Build.0 = Release|x86
		{5B1A900C-7043-4AB5-9364-C645E328A085}.Debug|Any CPU.ActiveCfg = Debug|Any CPU
		{5B1A900C-7043-4AB5-9364-C645E328A085}.Debug|Any CPU.Build.0 = Debug|Any CPU
		{5B1A900C-7043-4AB5-9364-C645E328A085}.Debug|Mixed Platforms.ActiveCfg = Debug|Any CPU
		{5B1A900C-7043-4AB5-9364-C645E328A085}.Debug|Mixed Platforms.Build.0 = Debug|Any CPU
		{5B1A900C-7043-4AB5-9364-C645E328A085}.Debug|x86.ActiveCfg = Debug|Any CPU
		{5B1A900C-7043-4AB5-9364-C645E328A085}.Release|Any CPU.ActiveCfg = Release|Any CPU
		{5B1A900C-7043-4AB5-9364-C645E328A085}.Release|Any CPU.Build.0 = Release|Any CPU
		{5B1A900C-7043-4AB5-9364-C645E328A085}.Release|Mixed Platforms.ActiveCfg = Release|Any CPU
		{5B1A900C-7043-4AB5-9364-C645E328A085}.Release|Mixed Platforms.Build.0 = Release|Any CPU
		{5B1A900C-7043-4AB5-9364-C645E328A085}.Release|x86.ActiveCfg = Release|Any CPU
		{3CD60F4A-8660-4BEB-BE88-F33D0600A432}.Debug|Any CPU.ActiveCfg = Debug|Any CPU
		{3CD60F4A-8660-4BEB-BE88-F33D0600A432}.Debug|Any CPU.Build.0 = Debug|Any CPU
		{3CD60F4A-8660-4BEB-BE88-F33D0600A432}.Debug|Mixed Platforms.ActiveCfg = Debug|Any CPU
		{3CD60F4A-8660-4BEB-BE88-F33D0600A432}.Debug|Mixed Platforms.Build.0 = Debug|Any CPU
		{3CD60F4A-8660-4BEB-BE88-F33D0600A432}.Debug|x86.ActiveCfg = Debug|Any CPU
		{3CD60F4A-8660-4BEB-BE88-F33D0600A432}.Release|Any CPU.ActiveCfg = Release|Any CPU
		{3CD60F4A-8660-4BEB-BE88-F33D0600A432}.Release|Any CPU.Build.0 = Release|Any CPU
		{3CD60F4A-8660-4BEB-BE88-F33D0600A432}.Release|Mixed Platforms.ActiveCfg = Release|Any CPU
		{3CD60F4A-8660-4BEB-BE88-F33D0600A432}.Release|Mixed Platforms.Build.0 = Release|Any CPU
		{3CD60F4A-8660-4BEB-BE88-F33D0600A432}.Release|x86.ActiveCfg = Release|Any CPU
	EndGlobalSection
	GlobalSection(SolutionProperties) = preSolution
		HideSolutionNode = FALSE
	EndGlobalSection
EndGlobal
